
Microsoft Visual Studio Solution File, Format Version 12.00
# Visual Studio Version 17
VisualStudioVersion = 17.11.34929.205
MinimumVisualStudioVersion = 10.0.40219.1
Project("{FAE04EC0-301F-11D3-BF4B-00C04F79EFBC}") = "NightFlyer.Adapters.API", "src\NightFlyer.API\NightFlyer.Adapters.API.csproj", "{B92E28C5-EF00-4FFB-9776-E89E982F7E39}"
EndProject
Project("{FAE04EC0-301F-11D3-BF4B-00C04F79EFBC}") = "NightFlyer.UseCases", "src\NightFlyer.UserCases\NightFlyer.UseCases.csproj", "{FE89B18D-6881-4804-B493-5C43528E64E8}"
EndProject
Project("{FAE04EC0-301F-11D3-BF4B-00C04F79EFBC}") = "NightFlyer.Entities", "src\ClassLibrary1\NightFlyer.Entities.csproj", "{3F10B2C0-ADF3-494E-82FA-3AE9F01306D2}"
EndProject
Project("{FAE04EC0-301F-11D3-BF4B-00C04F79EFBC}") = "NightFlyer.Adapters.Infrastructure", "src\NightFlyer.Adapters.Infrastructure\NightFlyer.Adapters.Infrastructure.csproj", "{C3E0B69C-CBBD-42AE-A594-CC852E2B090C}"
EndProject
Global
	GlobalSection(SolutionConfigurationPlatforms) = preSolution
		Debug|Any CPU = Debug|Any CPU
		Release|Any CPU = Release|Any CPU
	EndGlobalSection
	GlobalSection(ProjectConfigurationPlatforms) = postSolution
		{B92E28C5-EF00-4FFB-9776-E89E982F7E39}.Debug|Any CPU.ActiveCfg = Debug|Any CPU
		{B92E28C5-EF00-4FFB-9776-E89E982F7E39}.Debug|Any CPU.Build.0 = Debug|Any CPU
		{B92E28C5-EF00-4FFB-9776-E89E982F7E39}.Release|Any CPU.ActiveCfg = Release|Any CPU
		{B92E28C5-EF00-4FFB-9776-E89E982F7E39}.Release|Any CPU.Build.0 = Release|Any CPU
		{FE89B18D-6881-4804-B493-5C43528E64E8}.Debug|Any CPU.ActiveCfg = Debug|Any CPU
		{FE89B18D-6881-4804-B493-5C43528E64E8}.Debug|Any CPU.Build.0 = Debug|Any CPU
		{FE89B18D-6881-4804-B493-5C43528E64E8}.Release|Any CPU.ActiveCfg = Release|Any CPU
		{FE89B18D-6881-4804-B493-5C43528E64E8}.Release|Any CPU.Build.0 = Release|Any CPU
		{3F10B2C0-ADF3-494E-82FA-3AE9F01306D2}.Debug|Any CPU.ActiveCfg = Debug|Any CPU
		{3F10B2C0-ADF3-494E-82FA-3AE9F01306D2}.Debug|Any CPU.Build.0 = Debug|Any CPU
		{3F10B2C0-ADF3-494E-82FA-3AE9F01306D2}.Release|Any CPU.ActiveCfg = Release|Any CPU
		{3F10B2C0-ADF3-494E-82FA-3AE9F01306D2}.Release|Any CPU.Build.0 = Release|Any CPU
		{C3E0B69C-CBBD-42AE-A594-CC852E2B090C}.Debug|Any CPU.ActiveCfg = Debug|Any CPU
		{C3E0B69C-CBBD-42AE-A594-CC852E2B090C}.Debug|Any CPU.Build.0 = Debug|Any CPU
		{C3E0B69C-CBBD-42AE-A594-CC852E2B090C}.Release|Any CPU.ActiveCfg = Release|Any CPU
		{C3E0B69C-CBBD-42AE-A594-CC852E2B090C}.Release|Any CPU.Build.0 = Release|Any CPU
	EndGlobalSection
	GlobalSection(SolutionProperties) = preSolution
		HideSolutionNode = FALSE
	EndGlobalSection
	GlobalSection(ExtensibilityGlobals) = postSolution
		SolutionGuid = {7D87392F-1C32-445D-B612-B6DF603E0AF0}
	EndGlobalSection
EndGlobal
